
Microsoft Visual Studio Solution File, Format Version 12.00
# Visual Studio Version 17
VisualStudioVersion = 17.13.35617.110
MinimumVisualStudioVersion = 10.0.40219.1
Project("{FAE04EC0-301F-11D3-BF4B-00C04F79EFBC}") = "SMSChat", "SMSChat\SMSChat.csproj", "{6FB137CC-9484-4BA4-80C7-CC8CCB216F95}"
EndProject
Project("{FAE04EC0-301F-11D3-BF4B-00C04F79EFBC}") = "SMSChat.Client", "SMSChat.Client\SMSChat.Client.csproj", "{182C8C0F-13D1-4CC8-9C0E-D420E82B6915}"
EndProject
Global
	GlobalSection(SolutionConfigurationPlatforms) = preSolution
		Debug|Any CPU = Debug|Any CPU
		Release|Any CPU = Release|Any CPU
	EndGlobalSection
	GlobalSection(ProjectConfigurationPlatforms) = postSolution
		{6FB137CC-9484-4BA4-80C7-CC8CCB216F95}.Debug|Any CPU.ActiveCfg = Debug|Any CPU
		{6FB137CC-9484-4BA4-80C7-CC8CCB216F95}.Debug|Any CPU.Build.0 = Debug|Any CPU
		{6FB137CC-9484-4BA4-80C7-CC8CCB216F95}.Release|Any CPU.ActiveCfg = Release|Any CPU
		{6FB137CC-9484-4BA4-80C7-CC8CCB216F95}.Release|Any CPU.Build.0 = Release|Any CPU
		{182C8C0F-13D1-4CC8-9C0E-D420E82B6915}.Debug|Any CPU.ActiveCfg = Debug|Any CPU
		{182C8C0F-13D1-4CC8-9C0E-D420E82B6915}.Debug|Any CPU.Build.0 = Debug|Any CPU
		{182C8C0F-13D1-4CC8-9C0E-D420E82B6915}.Release|Any CPU.ActiveCfg = Release|Any CPU
		{182C8C0F-13D1-4CC8-9C0E-D420E82B6915}.Release|Any CPU.Build.0 = Release|Any CPU
	EndGlobalSection
	GlobalSection(SolutionProperties) = preSolution
		HideSolutionNode = FALSE
	EndGlobalSection
	GlobalSection(ExtensibilityGlobals) = postSolution
		SolutionGuid = {D4E73343-8700-484A-A65A-3E348B8B1759}
	EndGlobalSection
EndGlobal
